
Microsoft Visual Studio Solution File, Format Version 12.00
# Visual Studio 15
VisualStudioVersion = 15.0.26730.16
MinimumVisualStudioVersion = 10.0.40219.1
Project("{8BC9CEB8-8B4A-11D0-8D11-00A0C91BC942}") = "OpenCVLab04", "OpenCVLab04\OpenCVLab04.vcxproj", "{0C3C09F5-7FC7-442F-8ACB-5C4E92502DD6}"
EndProject
Global
	GlobalSection(SolutionConfigurationPlatforms) = preSolution
		Debug|x64 = Debug|x64
		Debug|x86 = Debug|x86
		Release|x64 = Release|x64
		Release|x86 = Release|x86
	EndGlobalSection
	GlobalSection(ProjectConfigurationPlatforms) = postSolution
		{0C3C09F5-7FC7-442F-8ACB-5C4E92502DD6}.Debug|x64.ActiveCfg = Debug|x64
		{0C3C09F5-7FC7-442F-8ACB-5C4E92502DD6}.Debug|x64.Build.0 = Debug|x64
		{0C3C09F5-7FC7-442F-8ACB-5C4E92502DD6}.Debug|x86.ActiveCfg = Debug|Win32
		{0C3C09F5-7FC7-442F-8ACB-5C4E92502DD6}.Debug|x86.Build.0 = Debug|Win32
		{0C3C09F5-7FC7-442F-8ACB-5C4E92502DD6}.Release|x64.ActiveCfg = Release|x64
		{0C3C09F5-7FC7-442F-8ACB-5C4E92502DD6}.Release|x64.Build.0 = Release|x64
		{0C3C09F5-7FC7-442F-8ACB-5C4E92502DD6}.Release|x86.ActiveCfg = Release|Win32
		{0C3C09F5-7FC7-442F-8ACB-5C4E92502DD6}.Release|x86.Build.0 = Release|Win32
	EndGlobalSection
	GlobalSection(SolutionProperties) = preSolution
		HideSolutionNode = FALSE
	EndGlobalSection
	GlobalSection(ExtensibilityGlobals) = postSolution
		SolutionGuid = {B548F83C-493E-4024-A5D6-2450C68C1914}
	EndGlobalSection
EndGlobal
